
Microsoft Visual Studio Solution File, Format Version 12.00
# Visual Studio Version 16
VisualStudioVersion = 16.0.31613.86
MinimumVisualStudioVersion = 10.0.40219.1
Project("{9A19103F-16F7-4668-BE54-9A1E7A4F7556}") = "RainCode2", "RainCode2\RainCode2.csproj", "{F9AA2FF1-691B-41B1-AC3A-D51085BBC6F1}"
EndProject
Global
	GlobalSection(SolutionConfigurationPlatforms) = preSolution
		Debug|Any CPU = Debug|Any CPU
		Release|Any CPU = Release|Any CPU
	EndGlobalSection
	GlobalSection(ProjectConfigurationPlatforms) = postSolution
		{F9AA2FF1-691B-41B1-AC3A-D51085BBC6F1}.Debug|Any CPU.ActiveCfg = Debug|Any CPU
		{F9AA2FF1-691B-41B1-AC3A-D51085BBC6F1}.Debug|Any CPU.Build.0 = Debug|Any CPU
		{F9AA2FF1-691B-41B1-AC3A-D51085BBC6F1}.Release|Any CPU.ActiveCfg = Release|Any CPU
		{F9AA2FF1-691B-41B1-AC3A-D51085BBC6F1}.Release|Any CPU.Build.0 = Release|Any CPU
	EndGlobalSection
	GlobalSection(SolutionProperties) = preSolution
		HideSolutionNode = FALSE
	EndGlobalSection
	GlobalSection(ExtensibilityGlobals) = postSolution
		SolutionGuid = {EE37FF6E-D3D4-4075-B4D7-8DE033768560}
	EndGlobalSection
EndGlobal
